
Microsoft Visual Studio Solution File, Format Version 12.00
# Visual Studio Version 17
VisualStudioVersion = 17.3.32929.385
MinimumVisualStudioVersion = 10.0.40219.1
Project("{FAE04EC0-301F-11D3-BF4B-00C04F79EFBC}") = "CalculadoraMatrices", "CalculadoraMatrices\CalculadoraMatrices.csproj", "{72D20134-0716-42A8-98DF-D9E7C3CF62AE}"
EndProject
Global
	GlobalSection(SolutionConfigurationPlatforms) = preSolution
		Debug|Any CPU = Debug|Any CPU
		Release|Any CPU = Release|Any CPU
	EndGlobalSection
	GlobalSection(ProjectConfigurationPlatforms) = postSolution
		{72D20134-0716-42A8-98DF-D9E7C3CF62AE}.Debug|Any CPU.ActiveCfg = Debug|Any CPU
		{72D20134-0716-42A8-98DF-D9E7C3CF62AE}.Debug|Any CPU.Build.0 = Debug|Any CPU
		{72D20134-0716-42A8-98DF-D9E7C3CF62AE}.Release|Any CPU.ActiveCfg = Release|Any CPU
		{72D20134-0716-42A8-98DF-D9E7C3CF62AE}.Release|Any CPU.Build.0 = Release|Any CPU
	EndGlobalSection
	GlobalSection(SolutionProperties) = preSolution
		HideSolutionNode = FALSE
	EndGlobalSection
	GlobalSection(ExtensibilityGlobals) = postSolution
		SolutionGuid = {76209FEF-C273-434E-9D02-5CDDCC2B35B8}
	EndGlobalSection
EndGlobal
